
Microsoft Visual Studio Solution File, Format Version 12.00
# Visual Studio Version 17
VisualStudioVersion = 17.11.35208.52
MinimumVisualStudioVersion = 10.0.40219.1
Project("{9A19103F-16F7-4668-BE54-9A1E7A4F7556}") = "SimpleRestapi", "SimpleRestapi\SimpleRestapi.csproj", "{6E18267C-2D27-42DE-BD8F-E401D20DC5A4}"
EndProject
Project("{FAE04EC0-301F-11D3-BF4B-00C04F79EFBC}") = "SimpleRestApiTests", "SimpleRestApiTests\SimpleRestApiTests.csproj", "{F83F499D-519B-46D9-8688-5BCBC2917786}"
EndProject
Global
	GlobalSection(SolutionConfigurationPlatforms) = preSolution
		Debug|Any CPU = Debug|Any CPU
		Release|Any CPU = Release|Any CPU
	EndGlobalSection
	GlobalSection(ProjectConfigurationPlatforms) = postSolution
		{6E18267C-2D27-42DE-BD8F-E401D20DC5A4}.Debug|Any CPU.ActiveCfg = Debug|Any CPU
		{6E18267C-2D27-42DE-BD8F-E401D20DC5A4}.Debug|Any CPU.Build.0 = Debug|Any CPU
		{6E18267C-2D27-42DE-BD8F-E401D20DC5A4}.Release|Any CPU.ActiveCfg = Release|Any CPU
		{6E18267C-2D27-42DE-BD8F-E401D20DC5A4}.Release|Any CPU.Build.0 = Release|Any CPU
		{F83F499D-519B-46D9-8688-5BCBC2917786}.Debug|Any CPU.ActiveCfg = Debug|Any CPU
		{F83F499D-519B-46D9-8688-5BCBC2917786}.Debug|Any CPU.Build.0 = Debug|Any CPU
		{F83F499D-519B-46D9-8688-5BCBC2917786}.Release|Any CPU.ActiveCfg = Release|Any CPU
		{F83F499D-519B-46D9-8688-5BCBC2917786}.Release|Any CPU.Build.0 = Release|Any CPU
	EndGlobalSection
	GlobalSection(SolutionProperties) = preSolution
		HideSolutionNode = FALSE
	EndGlobalSection
	GlobalSection(ExtensibilityGlobals) = postSolution
		SolutionGuid = {2C0484AB-C43E-4565-8B4E-4BC0D8F43C45}
	EndGlobalSection
EndGlobal
